
Microsoft Visual Studio Solution File, Format Version 12.00
# Visual Studio 15
VisualStudioVersion = 15.0.28010.2016
MinimumVisualStudioVersion = 10.0.40219.1
Project("{FAE04EC0-301F-11D3-BF4B-00C04F79EFBC}") = "console_app2", "console_app2\console_app2.csproj", "{45807EEA-0165-4B70-97BD-8D17D09479D8}"
EndProject
Global
	GlobalSection(SolutionConfigurationPlatforms) = preSolution
		Debug|Any CPU = Debug|Any CPU
		Release|Any CPU = Release|Any CPU
	EndGlobalSection
	GlobalSection(ProjectConfigurationPlatforms) = postSolution
		{45807EEA-0165-4B70-97BD-8D17D09479D8}.Debug|Any CPU.ActiveCfg = Debug|Any CPU
		{45807EEA-0165-4B70-97BD-8D17D09479D8}.Debug|Any CPU.Build.0 = Debug|Any CPU
		{45807EEA-0165-4B70-97BD-8D17D09479D8}.Release|Any CPU.ActiveCfg = Release|Any CPU
		{45807EEA-0165-4B70-97BD-8D17D09479D8}.Release|Any CPU.Build.0 = Release|Any CPU
	EndGlobalSection
	GlobalSection(SolutionProperties) = preSolution
		HideSolutionNode = FALSE
	EndGlobalSection
	GlobalSection(ExtensibilityGlobals) = postSolution
		SolutionGuid = {798B7AFC-DF12-4B04-BF4F-DE9B2C11C1A5}
	EndGlobalSection
EndGlobal
